
Microsoft Visual Studio Solution File, Format Version 12.00
# Visual Studio Version 17
VisualStudioVersion = 17.9.34723.18
MinimumVisualStudioVersion = 10.0.40219.1
Project("{2150E333-8FDC-42A3-9474-1A3956D46DE8}") = "20 - Opal", "20 - Opal", "{BC857C6B-0379-423A-8F5F-377B12C94F35}"
EndProject
Project("{FAE04EC0-301F-11D3-BF4B-00C04F79EFBC}") = "Opal", "Opal\Opal.csproj", "{96E84A43-9B1A-4A4E-8939-F341E8E03352}"
EndProject
Project("{FAE04EC0-301F-11D3-BF4B-00C04F79EFBC}") = "OpalTest", "OpalTest\OpalTest.csproj", "{646EC38E-9F9B-4A59-97AF-473CE89E1D8F}"
EndProject
Global
	GlobalSection(SolutionConfigurationPlatforms) = preSolution
		Debug|Any CPU = Debug|Any CPU
		Release|Any CPU = Release|Any CPU
	EndGlobalSection
	GlobalSection(ProjectConfigurationPlatforms) = postSolution
		{96E84A43-9B1A-4A4E-8939-F341E8E03352}.Debug|Any CPU.ActiveCfg = Debug|Any CPU
		{96E84A43-9B1A-4A4E-8939-F341E8E03352}.Debug|Any CPU.Build.0 = Debug|Any CPU
		{96E84A43-9B1A-4A4E-8939-F341E8E03352}.Release|Any CPU.ActiveCfg = Release|Any CPU
		{96E84A43-9B1A-4A4E-8939-F341E8E03352}.Release|Any CPU.Build.0 = Release|Any CPU
		{646EC38E-9F9B-4A59-97AF-473CE89E1D8F}.Debug|Any CPU.ActiveCfg = Debug|Any CPU
		{646EC38E-9F9B-4A59-97AF-473CE89E1D8F}.Debug|Any CPU.Build.0 = Debug|Any CPU
		{646EC38E-9F9B-4A59-97AF-473CE89E1D8F}.Release|Any CPU.ActiveCfg = Release|Any CPU
		{646EC38E-9F9B-4A59-97AF-473CE89E1D8F}.Release|Any CPU.Build.0 = Release|Any CPU
	EndGlobalSection
	GlobalSection(SolutionProperties) = preSolution
		HideSolutionNode = FALSE
	EndGlobalSection
	GlobalSection(NestedProjects) = preSolution
		{96E84A43-9B1A-4A4E-8939-F341E8E03352} = {BC857C6B-0379-423A-8F5F-377B12C94F35}
		{646EC38E-9F9B-4A59-97AF-473CE89E1D8F} = {BC857C6B-0379-423A-8F5F-377B12C94F35}
	EndGlobalSection
	GlobalSection(ExtensibilityGlobals) = postSolution
		SolutionGuid = {B9210062-975C-478E-A0DC-60E1E7E319F3}
	EndGlobalSection
EndGlobal
