
Microsoft Visual Studio Solution File, Format Version 12.00
# Visual Studio Version 17
VisualStudioVersion = 17.9.34723.18
MinimumVisualStudioVersion = 10.0.40219.1
Project("{FAE04EC0-301F-11D3-BF4B-00C04F79EFBC}") = "Moonstone.App", "Moonstone.App\Moonstone.App.csproj", "{DF13CD81-9A6B-4061-91DA-00F8423479B6}"
EndProject
Project("{FAE04EC0-301F-11D3-BF4B-00C04F79EFBC}") = "Moonstone.Domain", "Moonstone.Domain\Moonstone.Domain.csproj", "{183CC821-53B0-45F1-A627-40F08DB36798}"
EndProject
Project("{2150E333-8FDC-42A3-9474-1A3956D46DE8}") = "90 - Sketches", "90 - Sketches", "{D8E1F5B1-EDDA-40D6-B6A9-6422DB8DB439}"
EndProject
Project("{2150E333-8FDC-42A3-9474-1A3956D46DE8}") = "20 - Framework", "20 - Framework", "{84BFEE91-714E-49DE-BDEA-157D47653543}"
EndProject
Project("{2150E333-8FDC-42A3-9474-1A3956D46DE8}") = "30 - Domain", "30 - Domain", "{A0AE8199-DB04-4948-8818-7AEB3E1BB66B}"
EndProject
Project("{FAE04EC0-301F-11D3-BF4B-00C04F79EFBC}") = "Moonstone.Workspace", "Moonstone.Workspace\Moonstone.Workspace.csproj", "{28828C26-CABF-49DF-8650-1902A87BB1BA}"
EndProject
Project("{FAE04EC0-301F-11D3-BF4B-00C04F79EFBC}") = "Moonstone.Sketch.Workspace.Test", "Moonstone.Sketch.Workspace.Test\Moonstone.Sketch.Workspace.Test.csproj", "{F92D594C-A021-4D1F-A6F5-C8003103C15F}"
EndProject
Project("{2150E333-8FDC-42A3-9474-1A3956D46DE8}") = "10 - File Format", "10 - File Format", "{2B131529-4DE4-4C72-9F9E-D28A03C3DDE2}"
EndProject
Project("{FAE04EC0-301F-11D3-BF4B-00C04F79EFBC}") = "Framework", "Framework\Framework.csproj", "{1EBB2F6E-EBB1-427E-89F7-6D723A7C826C}"
EndProject
Project("{FAE04EC0-301F-11D3-BF4B-00C04F79EFBC}") = "App", "App\App.csproj", "{16BB2C06-ACF8-4416-8FEE-68A1E5ADBF5A}"
EndProject
Project("{FAE04EC0-301F-11D3-BF4B-00C04F79EFBC}") = "Sketch.Test", "Sketch.Test\Sketch.Test.csproj", "{572766C1-FBED-47D4-BF2E-9FE4557B486B}"
EndProject
Project("{FAE04EC0-301F-11D3-BF4B-00C04F79EFBC}") = "Moonstone.Sketch.SerializerTest", "Moonstone.Sketch.SerializerTest\Moonstone.Sketch.SerializerTest.csproj", "{D452A337-CCAD-4300-A63E-D616D3B59CE8}"
EndProject
Project("{2150E333-8FDC-42A3-9474-1A3956D46DE8}") = "01 - Format", "01 - Format", "{8E087B89-7744-40A3-85FC-A5E5059B845D}"
EndProject
Project("{FAE04EC0-301F-11D3-BF4B-00C04F79EFBC}") = "Abstractions", "Abstractions\Abstractions.csproj", "{443E6F3B-F473-47C1-AFC0-A1ABD520D3DD}"
EndProject
Project("{FAE04EC0-301F-11D3-BF4B-00C04F79EFBC}") = "Implementation", "Implementation\Implementation.csproj", "{04CB57A0-BA3F-4B4C-8B40-56B9A48AE02A}"
EndProject
Project("{FAE04EC0-301F-11D3-BF4B-00C04F79EFBC}") = "Moonstone.Sketch.RollingLogFileTest", "Moonstone.Sketch.RollingLogFileTest\Moonstone.Sketch.RollingLogFileTest.csproj", "{76EB88B7-1A7C-44EA-A896-05D4C76A271F}"
EndProject
Project("{FAE04EC0-301F-11D3-BF4B-00C04F79EFBC}") = "Moonstone.Sketch.SerializerSpeedTest", "Moonstone.Sketch.SerializerSpeedTest\Moonstone.Sketch.SerializerSpeedTest.csproj", "{01C97A7E-3EC8-4CDD-9176-79F9D7B822BC}"
EndProject
Project("{2150E333-8FDC-42A3-9474-1A3956D46DE8}") = "Opal", "Opal", "{AC4F297B-BEDD-4627-AA95-BFA24E3CBAC7}"
EndProject
Project("{FAE04EC0-301F-11D3-BF4B-00C04F79EFBC}") = "Opal", "Opal\Opal.csproj", "{B0907914-A658-4909-8093-4FB1E5FEF9B7}"
EndProject
Project("{FAE04EC0-301F-11D3-BF4B-00C04F79EFBC}") = "SqLiteSnapshotTest", "SqLiteSnapshotTest\SqLiteSnapshotTest.csproj", "{26D940E0-1C13-4C21-88C2-8D2C068C01D3}"
EndProject
Global
	GlobalSection(SolutionConfigurationPlatforms) = preSolution
		Debug|Any CPU = Debug|Any CPU
		Release|Any CPU = Release|Any CPU
	EndGlobalSection
	GlobalSection(ProjectConfigurationPlatforms) = postSolution
		{DF13CD81-9A6B-4061-91DA-00F8423479B6}.Debug|Any CPU.ActiveCfg = Debug|Any CPU
		{DF13CD81-9A6B-4061-91DA-00F8423479B6}.Debug|Any CPU.Build.0 = Debug|Any CPU
		{DF13CD81-9A6B-4061-91DA-00F8423479B6}.Debug|Any CPU.Deploy.0 = Debug|Any CPU
		{DF13CD81-9A6B-4061-91DA-00F8423479B6}.Release|Any CPU.ActiveCfg = Release|Any CPU
		{DF13CD81-9A6B-4061-91DA-00F8423479B6}.Release|Any CPU.Build.0 = Release|Any CPU
		{DF13CD81-9A6B-4061-91DA-00F8423479B6}.Release|Any CPU.Deploy.0 = Release|Any CPU
		{183CC821-53B0-45F1-A627-40F08DB36798}.Debug|Any CPU.ActiveCfg = Debug|Any CPU
		{183CC821-53B0-45F1-A627-40F08DB36798}.Debug|Any CPU.Build.0 = Debug|Any CPU
		{183CC821-53B0-45F1-A627-40F08DB36798}.Release|Any CPU.ActiveCfg = Release|Any CPU
		{183CC821-53B0-45F1-A627-40F08DB36798}.Release|Any CPU.Build.0 = Release|Any CPU
		{28828C26-CABF-49DF-8650-1902A87BB1BA}.Debug|Any CPU.ActiveCfg = Debug|Any CPU
		{28828C26-CABF-49DF-8650-1902A87BB1BA}.Debug|Any CPU.Build.0 = Debug|Any CPU
		{28828C26-CABF-49DF-8650-1902A87BB1BA}.Release|Any CPU.ActiveCfg = Release|Any CPU
		{28828C26-CABF-49DF-8650-1902A87BB1BA}.Release|Any CPU.Build.0 = Release|Any CPU
		{F92D594C-A021-4D1F-A6F5-C8003103C15F}.Debug|Any CPU.ActiveCfg = Debug|Any CPU
		{F92D594C-A021-4D1F-A6F5-C8003103C15F}.Debug|Any CPU.Build.0 = Debug|Any CPU
		{F92D594C-A021-4D1F-A6F5-C8003103C15F}.Release|Any CPU.ActiveCfg = Release|Any CPU
		{F92D594C-A021-4D1F-A6F5-C8003103C15F}.Release|Any CPU.Build.0 = Release|Any CPU
		{1EBB2F6E-EBB1-427E-89F7-6D723A7C826C}.Debug|Any CPU.ActiveCfg = Debug|Any CPU
		{1EBB2F6E-EBB1-427E-89F7-6D723A7C826C}.Debug|Any CPU.Build.0 = Debug|Any CPU
		{1EBB2F6E-EBB1-427E-89F7-6D723A7C826C}.Release|Any CPU.ActiveCfg = Release|Any CPU
		{1EBB2F6E-EBB1-427E-89F7-6D723A7C826C}.Release|Any CPU.Build.0 = Release|Any CPU
		{16BB2C06-ACF8-4416-8FEE-68A1E5ADBF5A}.Debug|Any CPU.ActiveCfg = Debug|Any CPU
		{16BB2C06-ACF8-4416-8FEE-68A1E5ADBF5A}.Debug|Any CPU.Build.0 = Debug|Any CPU
		{16BB2C06-ACF8-4416-8FEE-68A1E5ADBF5A}.Release|Any CPU.ActiveCfg = Release|Any CPU
		{16BB2C06-ACF8-4416-8FEE-68A1E5ADBF5A}.Release|Any CPU.Build.0 = Release|Any CPU
		{572766C1-FBED-47D4-BF2E-9FE4557B486B}.Debug|Any CPU.ActiveCfg = Debug|Any CPU
		{572766C1-FBED-47D4-BF2E-9FE4557B486B}.Debug|Any CPU.Build.0 = Debug|Any CPU
		{572766C1-FBED-47D4-BF2E-9FE4557B486B}.Release|Any CPU.ActiveCfg = Release|Any CPU
		{572766C1-FBED-47D4-BF2E-9FE4557B486B}.Release|Any CPU.Build.0 = Release|Any CPU
		{D452A337-CCAD-4300-A63E-D616D3B59CE8}.Debug|Any CPU.ActiveCfg = Debug|Any CPU
		{D452A337-CCAD-4300-A63E-D616D3B59CE8}.Debug|Any CPU.Build.0 = Debug|Any CPU
		{D452A337-CCAD-4300-A63E-D616D3B59CE8}.Release|Any CPU.ActiveCfg = Release|Any CPU
		{D452A337-CCAD-4300-A63E-D616D3B59CE8}.Release|Any CPU.Build.0 = Release|Any CPU
		{443E6F3B-F473-47C1-AFC0-A1ABD520D3DD}.Debug|Any CPU.ActiveCfg = Debug|Any CPU
		{443E6F3B-F473-47C1-AFC0-A1ABD520D3DD}.Debug|Any CPU.Build.0 = Debug|Any CPU
		{443E6F3B-F473-47C1-AFC0-A1ABD520D3DD}.Release|Any CPU.ActiveCfg = Release|Any CPU
		{443E6F3B-F473-47C1-AFC0-A1ABD520D3DD}.Release|Any CPU.Build.0 = Release|Any CPU
		{04CB57A0-BA3F-4B4C-8B40-56B9A48AE02A}.Debug|Any CPU.ActiveCfg = Debug|Any CPU
		{04CB57A0-BA3F-4B4C-8B40-56B9A48AE02A}.Debug|Any CPU.Build.0 = Debug|Any CPU
		{04CB57A0-BA3F-4B4C-8B40-56B9A48AE02A}.Release|Any CPU.ActiveCfg = Release|Any CPU
		{04CB57A0-BA3F-4B4C-8B40-56B9A48AE02A}.Release|Any CPU.Build.0 = Release|Any CPU
		{76EB88B7-1A7C-44EA-A896-05D4C76A271F}.Debug|Any CPU.ActiveCfg = Debug|Any CPU
		{76EB88B7-1A7C-44EA-A896-05D4C76A271F}.Debug|Any CPU.Build.0 = Debug|Any CPU
		{76EB88B7-1A7C-44EA-A896-05D4C76A271F}.Release|Any CPU.ActiveCfg = Release|Any CPU
		{76EB88B7-1A7C-44EA-A896-05D4C76A271F}.Release|Any CPU.Build.0 = Release|Any CPU
		{01C97A7E-3EC8-4CDD-9176-79F9D7B822BC}.Debug|Any CPU.ActiveCfg = Debug|Any CPU
		{01C97A7E-3EC8-4CDD-9176-79F9D7B822BC}.Debug|Any CPU.Build.0 = Debug|Any CPU
		{01C97A7E-3EC8-4CDD-9176-79F9D7B822BC}.Release|Any CPU.ActiveCfg = Release|Any CPU
		{01C97A7E-3EC8-4CDD-9176-79F9D7B822BC}.Release|Any CPU.Build.0 = Release|Any CPU
		{B0907914-A658-4909-8093-4FB1E5FEF9B7}.Debug|Any CPU.ActiveCfg = Debug|Any CPU
		{B0907914-A658-4909-8093-4FB1E5FEF9B7}.Debug|Any CPU.Build.0 = Debug|Any CPU
		{B0907914-A658-4909-8093-4FB1E5FEF9B7}.Release|Any CPU.ActiveCfg = Release|Any CPU
		{B0907914-A658-4909-8093-4FB1E5FEF9B7}.Release|Any CPU.Build.0 = Release|Any CPU
		{26D940E0-1C13-4C21-88C2-8D2C068C01D3}.Debug|Any CPU.ActiveCfg = Debug|Any CPU
		{26D940E0-1C13-4C21-88C2-8D2C068C01D3}.Debug|Any CPU.Build.0 = Debug|Any CPU
		{26D940E0-1C13-4C21-88C2-8D2C068C01D3}.Release|Any CPU.ActiveCfg = Release|Any CPU
		{26D940E0-1C13-4C21-88C2-8D2C068C01D3}.Release|Any CPU.Build.0 = Release|Any CPU
	EndGlobalSection
	GlobalSection(SolutionProperties) = preSolution
		HideSolutionNode = FALSE
	EndGlobalSection
	GlobalSection(ExtensibilityGlobals) = postSolution
		SolutionGuid = {B9210062-975C-478E-A0DC-60E1E7E319F3}
	EndGlobalSection
	GlobalSection(NestedProjects) = preSolution
		{183CC821-53B0-45F1-A627-40F08DB36798} = {A0AE8199-DB04-4948-8818-7AEB3E1BB66B}
		{DF13CD81-9A6B-4061-91DA-00F8423479B6} = {D8E1F5B1-EDDA-40D6-B6A9-6422DB8DB439}
		{28828C26-CABF-49DF-8650-1902A87BB1BA} = {84BFEE91-714E-49DE-BDEA-157D47653543}
		{F92D594C-A021-4D1F-A6F5-C8003103C15F} = {D8E1F5B1-EDDA-40D6-B6A9-6422DB8DB439}
		{1EBB2F6E-EBB1-427E-89F7-6D723A7C826C} = {2B131529-4DE4-4C72-9F9E-D28A03C3DDE2}
		{16BB2C06-ACF8-4416-8FEE-68A1E5ADBF5A} = {2B131529-4DE4-4C72-9F9E-D28A03C3DDE2}
		{572766C1-FBED-47D4-BF2E-9FE4557B486B} = {2B131529-4DE4-4C72-9F9E-D28A03C3DDE2}
		{D452A337-CCAD-4300-A63E-D616D3B59CE8} = {D8E1F5B1-EDDA-40D6-B6A9-6422DB8DB439}
		{443E6F3B-F473-47C1-AFC0-A1ABD520D3DD} = {8E087B89-7744-40A3-85FC-A5E5059B845D}
		{04CB57A0-BA3F-4B4C-8B40-56B9A48AE02A} = {8E087B89-7744-40A3-85FC-A5E5059B845D}
		{76EB88B7-1A7C-44EA-A896-05D4C76A271F} = {D8E1F5B1-EDDA-40D6-B6A9-6422DB8DB439}
		{01C97A7E-3EC8-4CDD-9176-79F9D7B822BC} = {D8E1F5B1-EDDA-40D6-B6A9-6422DB8DB439}
		{B0907914-A658-4909-8093-4FB1E5FEF9B7} = {AC4F297B-BEDD-4627-AA95-BFA24E3CBAC7}
		{26D940E0-1C13-4C21-88C2-8D2C068C01D3} = {AC4F297B-BEDD-4627-AA95-BFA24E3CBAC7}
	EndGlobalSection
EndGlobal
