
Microsoft Visual Studio Solution File, Format Version 12.00
# Visual Studio Version 17
VisualStudioVersion = 17.9.34723.18
MinimumVisualStudioVersion = 10.0.40219.1
Project("{2150E333-8FDC-42A3-9474-1A3956D46DE8}") = "10 - File Format", "10 - File Format", "{EBBF66E0-382C-465D-B4AA-AF8AD744E87B}"
EndProject
Project("{9A19103F-16F7-4668-BE54-9A1E7A4F7556}") = "Moonstone", "Moonstone\Moonstone.csproj", "{4F0F36B7-9F57-4324-AE58-310412D0B24B}"
EndProject
Project("{9A19103F-16F7-4668-BE54-9A1E7A4F7556}") = "Amber.Domain", "Amber.Domain\Amber.Domain.csproj", "{E22E9DEE-43DD-4682-B758-145467EC45ED}"
EndProject
Project("{2150E333-8FDC-42A3-9474-1A3956D46DE8}") = "Amber", "Amber", "{D57242B0-7D05-408B-B5CA-DC3597D001B5}"
EndProject
Project("{FAE04EC0-301F-11D3-BF4B-00C04F79EFBC}") = "Amber.App", "Amber.App\Amber.App.csproj", "{C9626699-FFB5-44BC-B82A-1E69E1CBA67C}"
EndProject
Project("{FAE04EC0-301F-11D3-BF4B-00C04F79EFBC}") = "Moonstone.Sketch.ManyDocumentsTest", "Moonstone.Sketch.ManyDocumentsTest\Moonstone.Sketch.ManyDocumentsTest.csproj", "{3BC26BE4-81A7-42E6-AD79-8711558CC00C}"
EndProject
Project("{2150E333-8FDC-42A3-9474-1A3956D46DE8}") = "12 - Map", "12 - Map", "{072D3525-AA70-4D54-A02D-7126D0EB5527}"
EndProject
Project("{FAE04EC0-301F-11D3-BF4B-00C04F79EFBC}") = "Map.Sketch", "Map.Sketch\Map.Sketch.csproj", "{E42E04C2-1EFA-4113-AD54-8098174CA179}"
EndProject
Global
	GlobalSection(SolutionConfigurationPlatforms) = preSolution
		Debug|Any CPU = Debug|Any CPU
		Release|Any CPU = Release|Any CPU
	EndGlobalSection
	GlobalSection(ProjectConfigurationPlatforms) = postSolution
		{4F0F36B7-9F57-4324-AE58-310412D0B24B}.Debug|Any CPU.ActiveCfg = Debug|Any CPU
		{4F0F36B7-9F57-4324-AE58-310412D0B24B}.Debug|Any CPU.Build.0 = Debug|Any CPU
		{4F0F36B7-9F57-4324-AE58-310412D0B24B}.Release|Any CPU.ActiveCfg = Release|Any CPU
		{4F0F36B7-9F57-4324-AE58-310412D0B24B}.Release|Any CPU.Build.0 = Release|Any CPU
		{E22E9DEE-43DD-4682-B758-145467EC45ED}.Debug|Any CPU.ActiveCfg = Debug|Any CPU
		{E22E9DEE-43DD-4682-B758-145467EC45ED}.Debug|Any CPU.Build.0 = Debug|Any CPU
		{E22E9DEE-43DD-4682-B758-145467EC45ED}.Release|Any CPU.ActiveCfg = Release|Any CPU
		{E22E9DEE-43DD-4682-B758-145467EC45ED}.Release|Any CPU.Build.0 = Release|Any CPU
		{C9626699-FFB5-44BC-B82A-1E69E1CBA67C}.Debug|Any CPU.ActiveCfg = Debug|Any CPU
		{C9626699-FFB5-44BC-B82A-1E69E1CBA67C}.Debug|Any CPU.Build.0 = Debug|Any CPU
		{C9626699-FFB5-44BC-B82A-1E69E1CBA67C}.Debug|Any CPU.Deploy.0 = Debug|Any CPU
		{C9626699-FFB5-44BC-B82A-1E69E1CBA67C}.Release|Any CPU.ActiveCfg = Release|Any CPU
		{C9626699-FFB5-44BC-B82A-1E69E1CBA67C}.Release|Any CPU.Build.0 = Release|Any CPU
		{C9626699-FFB5-44BC-B82A-1E69E1CBA67C}.Release|Any CPU.Deploy.0 = Release|Any CPU
		{3BC26BE4-81A7-42E6-AD79-8711558CC00C}.Debug|Any CPU.ActiveCfg = Debug|Any CPU
		{3BC26BE4-81A7-42E6-AD79-8711558CC00C}.Debug|Any CPU.Build.0 = Debug|Any CPU
		{3BC26BE4-81A7-42E6-AD79-8711558CC00C}.Release|Any CPU.ActiveCfg = Release|Any CPU
		{3BC26BE4-81A7-42E6-AD79-8711558CC00C}.Release|Any CPU.Build.0 = Release|Any CPU
		{E42E04C2-1EFA-4113-AD54-8098174CA179}.Debug|Any CPU.ActiveCfg = Debug|Any CPU
		{E42E04C2-1EFA-4113-AD54-8098174CA179}.Debug|Any CPU.Build.0 = Debug|Any CPU
		{E42E04C2-1EFA-4113-AD54-8098174CA179}.Release|Any CPU.ActiveCfg = Release|Any CPU
		{E42E04C2-1EFA-4113-AD54-8098174CA179}.Release|Any CPU.Build.0 = Release|Any CPU
	EndGlobalSection
	GlobalSection(SolutionProperties) = preSolution
		HideSolutionNode = FALSE
	EndGlobalSection
	GlobalSection(NestedProjects) = preSolution
		{4F0F36B7-9F57-4324-AE58-310412D0B24B} = {EBBF66E0-382C-465D-B4AA-AF8AD744E87B}
		{E22E9DEE-43DD-4682-B758-145467EC45ED} = {D57242B0-7D05-408B-B5CA-DC3597D001B5}
		{C9626699-FFB5-44BC-B82A-1E69E1CBA67C} = {D57242B0-7D05-408B-B5CA-DC3597D001B5}
		{3BC26BE4-81A7-42E6-AD79-8711558CC00C} = {EBBF66E0-382C-465D-B4AA-AF8AD744E87B}
		{E42E04C2-1EFA-4113-AD54-8098174CA179} = {072D3525-AA70-4D54-A02D-7126D0EB5527}
	EndGlobalSection
	GlobalSection(ExtensibilityGlobals) = postSolution
		SolutionGuid = {B9210062-975C-478E-A0DC-60E1E7E319F3}
	EndGlobalSection
EndGlobal
